// !$*UTF8*$!
{
	archiveVersion = 1;
	classes = {
	};
	objectVersion = 56;
	objects = {

/* Begin PBXBuildFile section */
		E60AF6642ABC8C5A00150739 /* LoginViewModel.swift in Sources */ = {isa = PBXBuildFile; fileRef = E60AF6632ABC8C5A00150739 /* LoginViewModel.swift */; };
		E60AF66C2ABCDB8000150739 /* SetBudgetViewModel.swift in Sources */ = {isa = PBXBuildFile; fileRef = E60AF66B2ABCDB8000150739 /* SetBudgetViewModel.swift */; };
		E67CD9502AA9C56500F8BDCD /* GoogleService-Info.plist in Resources */ = {isa = PBXBuildFile; fileRef = E67CD94F2AA9C56500F8BDCD /* GoogleService-Info.plist */; };
		E6CB8C9F2AB1CA5700C302D5 /* LoginView.swift in Sources */ = {isa = PBXBuildFile; fileRef = E6CB8C9E2AB1CA5700C302D5 /* LoginView.swift */; };
		E6CB8CA42AB1D6F600C302D5 /* UserData.swift in Sources */ = {isa = PBXBuildFile; fileRef = E6CB8CA32AB1D6F600C302D5 /* UserData.swift */; };
		E6CB8CA62AB1D86000C302D5 /* DashboardView.swift in Sources */ = {isa = PBXBuildFile; fileRef = E6CB8CA52AB1D86000C302D5 /* DashboardView.swift */; };
		E6DA09532AC018380025822C /* BasicBudget.swift in Sources */ = {isa = PBXBuildFile; fileRef = E6DA09522AC018380025822C /* BasicBudget.swift */; };
		E6DA09552AC02FDF0025822C /* FireStoreService.swift in Sources */ = {isa = PBXBuildFile; fileRef = E6DA09542AC02FDF0025822C /* FireStoreService.swift */; };
		E6DA09572AC066350025822C /* LoadingView.swift in Sources */ = {isa = PBXBuildFile; fileRef = E6DA09562AC066350025822C /* LoadingView.swift */; };
		E6DBF2CD2AA34099004A7B35 /* ExpensaApp.swift in Sources */ = {isa = PBXBuildFile; fileRef = E6DBF2CC2AA34099004A7B35 /* ExpensaApp.swift */; };
		E6DBF2CF2AA34099004A7B35 /* ContentView.swift in Sources */ = {isa = PBXBuildFile; fileRef = E6DBF2CE2AA34099004A7B35 /* ContentView.swift */; };
		E6DBF2D12AA3409A004A7B35 /* Assets.xcassets in Resources */ = {isa = PBXBuildFile; fileRef = E6DBF2D02AA3409A004A7B35 /* Assets.xcassets */; };
		E6DBF2D42AA3409A004A7B35 /* Preview Assets.xcassets in Resources */ = {isa = PBXBuildFile; fileRef = E6DBF2D32AA3409A004A7B35 /* Preview Assets.xcassets */; };
		E6FD347C2AB743F1001E296D /* Category.swift in Sources */ = {isa = PBXBuildFile; fileRef = E6FD347B2AB743F1001E296D /* Category.swift */; };
		E6FD347F2AB74930001E296D /* FirebaseAuth in Frameworks */ = {isa = PBXBuildFile; productRef = E6FD347E2AB74930001E296D /* FirebaseAuth */; };
		E6FD34812AB74930001E296D /* FirebaseDatabase in Frameworks */ = {isa = PBXBuildFile; productRef = E6FD34802AB74930001E296D /* FirebaseDatabase */; };
		E6FD34832AB756B6001E296D /* SetBudgetView.swift in Sources */ = {isa = PBXBuildFile; fileRef = E6FD34822AB756B6001E296D /* SetBudgetView.swift */; };
/* End PBXBuildFile section */

/* Begin PBXFileReference section */
		E60AF6632ABC8C5A00150739 /* LoginViewModel.swift */ = {isa = PBXFileReference; lastKnownFileType = sourcecode.swift; path = LoginViewModel.swift; sourceTree = "<group>"; };
		E60AF66B2ABCDB8000150739 /* SetBudgetViewModel.swift */ = {isa = PBXFileReference; lastKnownFileType = sourcecode.swift; path = SetBudgetViewModel.swift; sourceTree = "<group>"; };
		E67CD94F2AA9C56500F8BDCD /* GoogleService-Info.plist */ = {isa = PBXFileReference; fileEncoding = 4; lastKnownFileType = text.plist.xml; path = "GoogleService-Info.plist"; sourceTree = "<group>"; };
		E6CB8C9E2AB1CA5700C302D5 /* LoginView.swift */ = {isa = PBXFileReference; lastKnownFileType = sourcecode.swift; path = LoginView.swift; sourceTree = "<group>"; };
		E6CB8CA32AB1D6F600C302D5 /* UserData.swift */ = {isa = PBXFileReference; lastKnownFileType = sourcecode.swift; path = UserData.swift; sourceTree = "<group>"; };
		E6CB8CA52AB1D86000C302D5 /* DashboardView.swift */ = {isa = PBXFileReference; lastKnownFileType = sourcecode.swift; path = DashboardView.swift; sourceTree = "<group>"; };
		E6DA09522AC018380025822C /* BasicBudget.swift */ = {isa = PBXFileReference; lastKnownFileType = sourcecode.swift; path = BasicBudget.swift; sourceTree = "<group>"; };
		E6DA09542AC02FDF0025822C /* FireStoreService.swift */ = {isa = PBXFileReference; lastKnownFileType = sourcecode.swift; path = FireStoreService.swift; sourceTree = "<group>"; };
		E6DA09562AC066350025822C /* LoadingView.swift */ = {isa = PBXFileReference; lastKnownFileType = sourcecode.swift; path = LoadingView.swift; sourceTree = "<group>"; };
		E6DBF2C92AA34099004A7B35 /* Expensa.app */ = {isa = PBXFileReference; explicitFileType = wrapper.application; includeInIndex = 0; path = Expensa.app; sourceTree = BUILT_PRODUCTS_DIR; };
		E6DBF2CC2AA34099004A7B35 /* ExpensaApp.swift */ = {isa = PBXFileReference; lastKnownFileType = sourcecode.swift; path = ExpensaApp.swift; sourceTree = "<group>"; };
		E6DBF2CE2AA34099004A7B35 /* ContentView.swift */ = {isa = PBXFileReference; lastKnownFileType = sourcecode.swift; path = ContentView.swift; sourceTree = "<group>"; };
		E6DBF2D02AA3409A004A7B35 /* Assets.xcassets */ = {isa = PBXFileReference; lastKnownFileType = folder.assetcatalog; path = Assets.xcassets; sourceTree = "<group>"; };
		E6DBF2D32AA3409A004A7B35 /* Preview Assets.xcassets */ = {isa = PBXFileReference; lastKnownFileType = folder.assetcatalog; path = "Preview Assets.xcassets"; sourceTree = "<group>"; };
		E6FD347B2AB743F1001E296D /* Category.swift */ = {isa = PBXFileReference; lastKnownFileType = sourcecode.swift; path = Category.swift; sourceTree = "<group>"; };
		E6FD34822AB756B6001E296D /* SetBudgetView.swift */ = {isa = PBXFileReference; lastKnownFileType = sourcecode.swift; path = SetBudgetView.swift; sourceTree = "<group>"; };
/* End PBXFileReference section */

/* Begin PBXFrameworksBuildPhase section */
		E6DBF2C62AA34099004A7B35 /* Frameworks */ = {
			isa = PBXFrameworksBuildPhase;
			buildActionMask = 2147483647;
			files = (
				E6FD34812AB74930001E296D /* FirebaseDatabase in Frameworks */,
				E6FD347F2AB74930001E296D /* FirebaseAuth in Frameworks */,
			);
			runOnlyForDeploymentPostprocessing = 0;
		};
/* End PBXFrameworksBuildPhase section */

/* Begin PBXGroup section */
		E60AF6652ABCA30E00150739 /* global */ = {
			isa = PBXGroup;
			children = (
				E6CB8CA32AB1D6F600C302D5 /* UserData.swift */,
				E6DA09542AC02FDF0025822C /* FireStoreService.swift */,
			);
			path = global;
			sourceTree = "<group>";
		};
		E646C6BF2AB6F57D000C6C8D /* viewModel */ = {
			isa = PBXGroup;
			children = (
				E60AF6632ABC8C5A00150739 /* LoginViewModel.swift */,
				E60AF66B2ABCDB8000150739 /* SetBudgetViewModel.swift */,
			);
			path = viewModel;
			sourceTree = "<group>";
		};
		E6CB8CA22AB1D6A800C302D5 /* model */ = {
			isa = PBXGroup;
			children = (
				E6FD347B2AB743F1001E296D /* Category.swift */,
				E6DA09522AC018380025822C /* BasicBudget.swift */,
			);
			path = model;
			sourceTree = "<group>";
		};
		E6DBF2C02AA34099004A7B35 = {
			isa = PBXGroup;
			children = (
				E6DBF2CB2AA34099004A7B35 /* Expensa */,
				E6DBF2CA2AA34099004A7B35 /* Products */,
			);
			sourceTree = "<group>";
		};
		E6DBF2CA2AA34099004A7B35 /* Products */ = {
			isa = PBXGroup;
			children = (
				E6DBF2C92AA34099004A7B35 /* Expensa.app */,
			);
			name = Products;
			sourceTree = "<group>";
		};
		E6DBF2CB2AA34099004A7B35 /* Expensa */ = {
			isa = PBXGroup;
			children = (
				E646C6BF2AB6F57D000C6C8D /* viewModel */,
				E6CB8CA22AB1D6A800C302D5 /* model */,
				E6DBF2D02AA3409A004A7B35 /* Assets.xcassets */,
				E67CD94F2AA9C56500F8BDCD /* GoogleService-Info.plist */,
				E6DBF2D22AA3409A004A7B35 /* Preview Content */,
				E60AF6652ABCA30E00150739 /* global */,
				E6CB8C9E2AB1CA5700C302D5 /* LoginView.swift */,
				E6FD34822AB756B6001E296D /* SetBudgetView.swift */,
				E6CB8CA52AB1D86000C302D5 /* DashboardView.swift */,
				E6DBF2CC2AA34099004A7B35 /* ExpensaApp.swift */,
				E6DBF2CE2AA34099004A7B35 /* ContentView.swift */,
				E6DA09562AC066350025822C /* LoadingView.swift */,
			);
			path = Expensa;
			sourceTree = "<group>";
		};
		E6DBF2D22AA3409A004A7B35 /* Preview Content */ = {
			isa = PBXGroup;
			children = (
				E6DBF2D32AA3409A004A7B35 /* Preview Assets.xcassets */,
			);
			path = "Preview Content";
			sourceTree = "<group>";
		};
/* End PBXGroup section */

/* Begin PBXNativeTarget section */
		E6DBF2C82AA34099004A7B35 /* Expensa */ = {
			isa = PBXNativeTarget;
			buildConfigurationList = E6DBF2D72AA3409A004A7B35 /* Build configuration list for PBXNativeTarget "Expensa" */;
			buildPhases = (
				E6DBF2C52AA34099004A7B35 /* Sources */,
				E6DBF2C62AA34099004A7B35 /* Frameworks */,
				E6DBF2C72AA34099004A7B35 /* Resources */,
			);
			buildRules = (
			);
			dependencies = (
			);
			name = Expensa;
			packageProductDependencies = (
				E6FD347E2AB74930001E296D /* FirebaseAuth */,
				E6FD34802AB74930001E296D /* FirebaseDatabase */,
			);
			productName = Expensa;
			productReference = E6DBF2C92AA34099004A7B35 /* Expensa.app */;
			productType = "com.apple.product-type.application";
		};
/* End PBXNativeTarget section */

/* Begin PBXProject section */
		E6DBF2C12AA34099004A7B35 /* Project object */ = {
			isa = PBXProject;
			attributes = {
				BuildIndependentTargetsInParallel = 1;
				LastSwiftUpdateCheck = 1420;
				LastUpgradeCheck = 1420;
				TargetAttributes = {
					E6DBF2C82AA34099004A7B35 = {
						CreatedOnToolsVersion = 14.2;
					};
				};
			};
			buildConfigurationList = E6DBF2C42AA34099004A7B35 /* Build configuration list for PBXProject "Expensa" */;
			compatibilityVersion = "Xcode 14.0";
			developmentRegion = en;
			hasScannedForEncodings = 0;
			knownRegions = (
				en,
				Base,
			);
			mainGroup = E6DBF2C02AA34099004A7B35;
			packageReferences = (
				E6FD347D2AB74930001E296D /* XCRemoteSwiftPackageReference "firebase-ios-sdk" */,
			);
			productRefGroup = E6DBF2CA2AA34099004A7B35 /* Products */;
			projectDirPath = "";
			projectRoot = "";
			targets = (
				E6DBF2C82AA34099004A7B35 /* Expensa */,
			);
		};
/* End PBXProject section */

/* Begin PBXResourcesBuildPhase section */
		E6DBF2C72AA34099004A7B35 /* Resources */ = {
			isa = PBXResourcesBuildPhase;
			buildActionMask = 2147483647;
			files = (
				E6DBF2D42AA3409A004A7B35 /* Preview Assets.xcassets in Resources */,
				E6DBF2D12AA3409A004A7B35 /* Assets.xcassets in Resources */,
				E67CD9502AA9C56500F8BDCD /* GoogleService-Info.plist in Resources */,
			);
			runOnlyForDeploymentPostprocessing = 0;
		};
/* End PBXResourcesBuildPhase section */

/* Begin PBXSourcesBuildPhase section */
		E6DBF2C52AA34099004A7B35 /* Sources */ = {
			isa = PBXSourcesBuildPhase;
			buildActionMask = 2147483647;
			files = (
				E6CB8C9F2AB1CA5700C302D5 /* LoginView.swift in Sources */,
				E6DBF2CF2AA34099004A7B35 /* ContentView.swift in Sources */,
				E6CB8CA62AB1D86000C302D5 /* DashboardView.swift in Sources */,
				E6CB8CA42AB1D6F600C302D5 /* UserData.swift in Sources */,
				E60AF6642ABC8C5A00150739 /* LoginViewModel.swift in Sources */,
				E6DA09572AC066350025822C /* LoadingView.swift in Sources */,
				E6DA09532AC018380025822C /* BasicBudget.swift in Sources */,
				E6DBF2CD2AA34099004A7B35 /* ExpensaApp.swift in Sources */,
				E6FD347C2AB743F1001E296D /* Category.swift in Sources */,
				E6DA09552AC02FDF0025822C /* FireStoreService.swift in Sources */,
				E60AF66C2ABCDB8000150739 /* SetBudgetViewModel.swift in Sources */,
				E6FD34832AB756B6001E296D /* SetBudgetView.swift in Sources */,
			);
			runOnlyForDeploymentPostprocessing = 0;
		};
/* End PBXSourcesBuildPhase section */

/* Begin XCBuildConfiguration section */
		E6DBF2D52AA3409A004A7B35 /* Debug */ = {
			isa = XCBuildConfiguration;
			buildSettings = {
				ALWAYS_SEARCH_USER_PATHS = NO;
				CLANG_ANALYZER_NONNULL = YES;
				CLANG_ANALYZER_NUMBER_OBJECT_CONVERSION = YES_AGGRESSIVE;
				CLANG_CXX_LANGUAGE_STANDARD = "gnu++20";
				CLANG_ENABLE_MODULES = YES;
				CLANG_ENABLE_OBJC_ARC = YES;
				CLANG_ENABLE_OBJC_WEAK = YES;
				CLANG_WARN_BLOCK_CAPTURE_AUTORELEASING = YES;
				CLANG_WARN_BOOL_CONVERSION = YES;
				CLANG_WARN_COMMA = YES;
				CLANG_WARN_CONSTANT_CONVERSION = YES;
				CLANG_WARN_DEPRECATED_OBJC_IMPLEMENTATIONS = YES;
				CLANG_WARN_DIRECT_OBJC_ISA_USAGE = YES_ERROR;
				CLANG_WARN_DOCUMENTATION_COMMENTS = YES;
				CLANG_WARN_EMPTY_BODY = YES;
				CLANG_WARN_ENUM_CONVERSION = YES;
				CLANG_WARN_INFINITE_RECURSION = YES;
				CLANG_WARN_INT_CONVERSION = YES;
				CLANG_WARN_NON_LITERAL_NULL_CONVERSION = YES;
				CLANG_WARN_OBJC_IMPLICIT_RETAIN_SELF = YES;
				CLANG_WARN_OBJC_LITERAL_CONVERSION = YES;
				CLANG_WARN_OBJC_ROOT_CLASS = YES_ERROR;
				CLANG_WARN_QUOTED_INCLUDE_IN_FRAMEWORK_HEADER = YES;
				CLANG_WARN_RANGE_LOOP_ANALYSIS = YES;
				CLANG_WARN_STRICT_PROTOTYPES = YES;
				CLANG_WARN_SUSPICIOUS_MOVE = YES;
				CLANG_WARN_UNGUARDED_AVAILABILITY = YES_AGGRESSIVE;
				CLANG_WARN_UNREACHABLE_CODE = YES;
				CLANG_WARN__DUPLICATE_METHOD_MATCH = YES;
				COPY_PHASE_STRIP = NO;
				DEBUG_INFORMATION_FORMAT = dwarf;
				ENABLE_STRICT_OBJC_MSGSEND = YES;
				ENABLE_TESTABILITY = YES;
				GCC_C_LANGUAGE_STANDARD = gnu11;
				GCC_DYNAMIC_NO_PIC = NO;
				GCC_NO_COMMON_BLOCKS = YES;
				GCC_OPTIMIZATION_LEVEL = 0;
				GCC_PREPROCESSOR_DEFINITIONS = (
					"DEBUG=1",
					"$(inherited)",
				);
				GCC_WARN_64_TO_32_BIT_CONVERSION = YES;
				GCC_WARN_ABOUT_RETURN_TYPE = YES_ERROR;
				GCC_WARN_UNDECLARED_SELECTOR = YES;
				GCC_WARN_UNINITIALIZED_AUTOS = YES_AGGRESSIVE;
				GCC_WARN_UNUSED_FUNCTION = YES;
				GCC_WARN_UNUSED_VARIABLE = YES;
				IPHONEOS_DEPLOYMENT_TARGET = 16.2;
				MTL_ENABLE_DEBUG_INFO = INCLUDE_SOURCE;
				MTL_FAST_MATH = YES;
				ONLY_ACTIVE_ARCH = YES;
				SDKROOT = iphoneos;
				SWIFT_ACTIVE_COMPILATION_CONDITIONS = DEBUG;
				SWIFT_OPTIMIZATION_LEVEL = "-Onone";
			};
			name = Debug;
		};
		E6DBF2D62AA3409A004A7B35 /* Release */ = {
			isa = XCBuildConfiguration;
			buildSettings = {
				ALWAYS_SEARCH_USER_PATHS = NO;
				CLANG_ANALYZER_NONNULL = YES;
				CLANG_ANALYZER_NUMBER_OBJECT_CONVERSION = YES_AGGRESSIVE;
				CLANG_CXX_LANGUAGE_STANDARD = "gnu++20";
				CLANG_ENABLE_MODULES = YES;
				CLANG_ENABLE_OBJC_ARC = YES;
				CLANG_ENABLE_OBJC_WEAK = YES;
				CLANG_WARN_BLOCK_CAPTURE_AUTORELEASING = YES;
				CLANG_WARN_BOOL_CONVERSION = YES;
				CLANG_WARN_COMMA = YES;
				CLANG_WARN_CONSTANT_CONVERSION = YES;
				CLANG_WARN_DEPRECATED_OBJC_IMPLEMENTATIONS = YES;
				CLANG_WARN_DIRECT_OBJC_ISA_USAGE = YES_ERROR;
				CLANG_WARN_DOCUMENTATION_COMMENTS = YES;
				CLANG_WARN_EMPTY_BODY = YES;
				CLANG_WARN_ENUM_CONVERSION = YES;
				CLANG_WARN_INFINITE_RECURSION = YES;
				CLANG_WARN_INT_CONVERSION = YES;
				CLANG_WARN_NON_LITERAL_NULL_CONVERSION = YES;
				CLANG_WARN_OBJC_IMPLICIT_RETAIN_SELF = YES;
				CLANG_WARN_OBJC_LITERAL_CONVERSION = YES;
				CLANG_WARN_OBJC_ROOT_CLASS = YES_ERROR;
				CLANG_WARN_QUOTED_INCLUDE_IN_FRAMEWORK_HEADER = YES;
				CLANG_WARN_RANGE_LOOP_ANALYSIS = YES;
				CLANG_WARN_STRICT_PROTOTYPES = YES;
				CLANG_WARN_SUSPICIOUS_MOVE = YES;
				CLANG_WARN_UNGUARDED_AVAILABILITY = YES_AGGRESSIVE;
				CLANG_WARN_UNREACHABLE_CODE = YES;
				CLANG_WARN__DUPLICATE_METHOD_MATCH = YES;
				COPY_PHASE_STRIP = NO;
				DEBUG_INFORMATION_FORMAT = "dwarf-with-dsym";
				ENABLE_NS_ASSERTIONS = NO;
				ENABLE_STRICT_OBJC_MSGSEND = YES;
				GCC_C_LANGUAGE_STANDARD = gnu11;
				GCC_NO_COMMON_BLOCKS = YES;
				GCC_WARN_64_TO_32_BIT_CONVERSION = YES;
				GCC_WARN_ABOUT_RETURN_TYPE = YES_ERROR;
				GCC_WARN_UNDECLARED_SELECTOR = YES;
				GCC_WARN_UNINITIALIZED_AUTOS = YES_AGGRESSIVE;
				GCC_WARN_UNUSED_FUNCTION = YES;
				GCC_WARN_UNUSED_VARIABLE = YES;
				IPHONEOS_DEPLOYMENT_TARGET = 16.2;
				MTL_ENABLE_DEBUG_INFO = NO;
				MTL_FAST_MATH = YES;
				SDKROOT = iphoneos;
				SWIFT_COMPILATION_MODE = wholemodule;
				SWIFT_OPTIMIZATION_LEVEL = "-O";
				VALIDATE_PRODUCT = YES;
			};
			name = Release;
		};
		E6DBF2D82AA3409A004A7B35 /* Debug */ = {
			isa = XCBuildConfiguration;
			buildSettings = {
				ASSETCATALOG_COMPILER_APPICON_NAME = AppIcon;
				ASSETCATALOG_COMPILER_GLOBAL_ACCENT_COLOR_NAME = AccentColor;
				CODE_SIGN_STYLE = Automatic;
				CURRENT_PROJECT_VERSION = 1;
				DEVELOPMENT_ASSET_PATHS = "\"Expensa/Preview Content\"";
				ENABLE_PREVIEWS = YES;
				GENERATE_INFOPLIST_FILE = YES;
				INFOPLIST_KEY_UIApplicationSceneManifest_Generation = YES;
				INFOPLIST_KEY_UIApplicationSupportsIndirectInputEvents = YES;
				INFOPLIST_KEY_UILaunchScreen_Generation = YES;
				INFOPLIST_KEY_UISupportedInterfaceOrientations_iPad = "UIInterfaceOrientationPortrait UIInterfaceOrientationPortraitUpsideDown UIInterfaceOrientationLandscapeLeft UIInterfaceOrientationLandscapeRight";
				INFOPLIST_KEY_UISupportedInterfaceOrientations_iPhone = "UIInterfaceOrientationPortrait UIInterfaceOrientationLandscapeLeft UIInterfaceOrientationLandscapeRight";
				LD_RUNPATH_SEARCH_PATHS = (
					"$(inherited)",
					"@executable_path/Frameworks",
				);
				MARKETING_VERSION = 1.0;
				PRODUCT_BUNDLE_IDENTIFIER = "Minoli-Fernando.Expensa";
				PRODUCT_NAME = "$(TARGET_NAME)";
				SWIFT_EMIT_LOC_STRINGS = YES;
				SWIFT_VERSION = 5.0;
				TARGETED_DEVICE_FAMILY = "1,2";
			};
			name = Debug;
		};
		E6DBF2D92AA3409A004A7B35 /* Release */ = {
			isa = XCBuildConfiguration;
			buildSettings = {
				ASSETCATALOG_COMPILER_APPICON_NAME = AppIcon;
				ASSETCATALOG_COMPILER_GLOBAL_ACCENT_COLOR_NAME = AccentColor;
				CODE_SIGN_STYLE = Automatic;
				CURRENT_PROJECT_VERSION = 1;
				DEVELOPMENT_ASSET_PATHS = "\"Expensa/Preview Content\"";
				ENABLE_PREVIEWS = YES;
				GENERATE_INFOPLIST_FILE = YES;
				INFOPLIST_KEY_UIApplicationSceneManifest_Generation = YES;
				INFOPLIST_KEY_UIApplicationSupportsIndirectInputEvents = YES;
				INFOPLIST_KEY_UILaunchScreen_Generation = YES;
				INFOPLIST_KEY_UISupportedInterfaceOrientations_iPad = "UIInterfaceOrientationPortrait UIInterfaceOrientationPortraitUpsideDown UIInterfaceOrientationLandscapeLeft UIInterfaceOrientationLandscapeRight";
				INFOPLIST_KEY_UISupportedInterfaceOrientations_iPhone = "UIInterfaceOrientationPortrait UIInterfaceOrientationLandscapeLeft UIInterfaceOrientationLandscapeRight";
				LD_RUNPATH_SEARCH_PATHS = (
					"$(inherited)",
					"@executable_path/Frameworks",
				);
				MARKETING_VERSION = 1.0;
				PRODUCT_BUNDLE_IDENTIFIER = "Minoli-Fernando.Expensa";
				PRODUCT_NAME = "$(TARGET_NAME)";
				SWIFT_EMIT_LOC_STRINGS = YES;
				SWIFT_VERSION = 5.0;
				TARGETED_DEVICE_FAMILY = "1,2";
			};
			name = Release;
		};
/* End XCBuildConfiguration section */

/* Begin XCConfigurationList section */
		E6DBF2C42AA34099004A7B35 /* Build configuration list for PBXProject "Expensa" */ = {
			isa = XCConfigurationList;
			buildConfigurations = (
				E6DBF2D52AA3409A004A7B35 /* Debug */,
				E6DBF2D62AA3409A004A7B35 /* Release */,
			);
			defaultConfigurationIsVisible = 0;
			defaultConfigurationName = Release;
		};
		E6DBF2D72AA3409A004A7B35 /* Build configuration list for PBXNativeTarget "Expensa" */ = {
			isa = XCConfigurationList;
			buildConfigurations = (
				E6DBF2D82AA3409A004A7B35 /* Debug */,
				E6DBF2D92AA3409A004A7B35 /* Release */,
			);
			defaultConfigurationIsVisible = 0;
			defaultConfigurationName = Release;
		};
/* End XCConfigurationList section */

/* Begin XCRemoteSwiftPackageReference section */
		E6FD347D2AB74930001E296D /* XCRemoteSwiftPackageReference "firebase-ios-sdk" */ = {
			isa = XCRemoteSwiftPackageReference;
			repositoryURL = "https://github.com/firebase/firebase-ios-sdk";
			requirement = {
				kind = upToNextMajorVersion;
				minimumVersion = 9.0.0;
			};
		};
/* End XCRemoteSwiftPackageReference section */

/* Begin XCSwiftPackageProductDependency section */
		E6FD347E2AB74930001E296D /* FirebaseAuth */ = {
			isa = XCSwiftPackageProductDependency;
			package = E6FD347D2AB74930001E296D /* XCRemoteSwiftPackageReference "firebase-ios-sdk" */;
			productName = FirebaseAuth;
		};
		E6FD34802AB74930001E296D /* FirebaseDatabase */ = {
			isa = XCSwiftPackageProductDependency;
			package = E6FD347D2AB74930001E296D /* XCRemoteSwiftPackageReference "firebase-ios-sdk" */;
			productName = FirebaseDatabase;
		};
/* End XCSwiftPackageProductDependency section */
	};
	rootObject = E6DBF2C12AA34099004A7B35 /* Project object */;
}
